
Microsoft Visual Studio Solution File, Format Version 12.00
# Visual Studio Version 17
VisualStudioVersion = 17.14.36930.0 d17.14
MinimumVisualStudioVersion = 10.0.40219.1
Project("{FAE04EC0-301F-11D3-BF4B-00C04F79EFBC}") = "AsegurADO", "AsegurADO\AsegurADO.csproj", "{419A1BAA-9675-4949-A5AA-98CAD48F6718}"
EndProject
Global
	GlobalSection(SolutionConfigurationPlatforms) = preSolution
		Debug|Any CPU = Debug|Any CPU
		Release|Any CPU = Release|Any CPU
	EndGlobalSection
	GlobalSection(ProjectConfigurationPlatforms) = postSolution
		{419A1BAA-9675-4949-A5AA-98CAD48F6718}.Debug|Any CPU.ActiveCfg = Debug|Any CPU
		{419A1BAA-9675-4949-A5AA-98CAD48F6718}.Debug|Any CPU.Build.0 = Debug|Any CPU
		{419A1BAA-9675-4949-A5AA-98CAD48F6718}.Release|Any CPU.ActiveCfg = Release|Any CPU
		{419A1BAA-9675-4949-A5AA-98CAD48F6718}.Release|Any CPU.Build.0 = Release|Any CPU
	EndGlobalSection
	GlobalSection(SolutionProperties) = preSolution
		HideSolutionNode = FALSE
	EndGlobalSection
	GlobalSection(ExtensibilityGlobals) = postSolution
		SolutionGuid = {59A05D05-77C3-410A-A0CB-040B9ACE52B2}
	EndGlobalSection
EndGlobal
