
Microsoft Visual Studio Solution File, Format Version 12.00
# Visual Studio Version 17
VisualStudioVersion = 17.14.36930.0
MinimumVisualStudioVersion = 10.0.40219.1
Project("{FAE04EC0-301F-11D3-BF4B-00C04F79EFBC}") = "NominaDonChucho", "NominaDonChucho\NominaDonChucho.csproj", "{5D8C253B-BD19-4B0F-B676-66D1802C4438}"
EndProject
Global
	GlobalSection(SolutionConfigurationPlatforms) = preSolution
		Debug|Any CPU = Debug|Any CPU
		Release|Any CPU = Release|Any CPU
	EndGlobalSection
	GlobalSection(ProjectConfigurationPlatforms) = postSolution
		{5D8C253B-BD19-4B0F-B676-66D1802C4438}.Debug|Any CPU.ActiveCfg = Debug|Any CPU
		{5D8C253B-BD19-4B0F-B676-66D1802C4438}.Debug|Any CPU.Build.0 = Debug|Any CPU
		{5D8C253B-BD19-4B0F-B676-66D1802C4438}.Release|Any CPU.ActiveCfg = Release|Any CPU
		{5D8C253B-BD19-4B0F-B676-66D1802C4438}.Release|Any CPU.Build.0 = Release|Any CPU
	EndGlobalSection
	GlobalSection(SolutionProperties) = preSolution
		HideSolutionNode = FALSE
	EndGlobalSection
	GlobalSection(ExtensibilityGlobals) = postSolution
		SolutionGuid = {197A45BF-991A-4BB8-9CD6-EE240310E0C2}
	EndGlobalSection
EndGlobal
